
Microsoft Visual Studio Solution File, Format Version 12.00
# Visual Studio Version 17
VisualStudioVersion = 17.5.002.0
MinimumVisualStudioVersion = 10.0.40219.1
Project("{9A19103F-16F7-4668-BE54-9A1E7A4F7556}") = "hotelBookingAPI", "hotelBookingAPI\hotelBookingAPI.csproj", "{06F88B53-3098-43EA-8D17-ECA67649716C}"
EndProject
Project("{FAE04EC0-301F-11D3-BF4B-00C04F79EFBC}") = "HotelBooking.Core", "HotelBooking.Core\HotelBooking.Core.csproj", "{BB292751-88DE-422A-8D56-152105713802}"
EndProject
Project("{FAE04EC0-301F-11D3-BF4B-00C04F79EFBC}") = "HotelBooking.Infrastructure", "HotelBooking.Infrastructure\HotelBooking.Infrastructure.csproj", "{9538D83D-CA6C-4790-8F56-01E3E27A0C93}"
EndProject
Project("{FAE04EC0-301F-11D3-BF4B-00C04F79EFBC}") = "HotelBooking.Messaging", "HotelBooking.Messaging\HotelBooking.Messaging.csproj", "{6A1A1509-B167-4233-BBB2-63DB8D73EF31}"
EndProject
Global
	GlobalSection(SolutionConfigurationPlatforms) = preSolution
		Debug|Any CPU = Debug|Any CPU
		Release|Any CPU = Release|Any CPU
	EndGlobalSection
	GlobalSection(ProjectConfigurationPlatforms) = postSolution
		{06F88B53-3098-43EA-8D17-ECA67649716C}.Debug|Any CPU.ActiveCfg = Debug|Any CPU
		{06F88B53-3098-43EA-8D17-ECA67649716C}.Debug|Any CPU.Build.0 = Debug|Any CPU
		{06F88B53-3098-43EA-8D17-ECA67649716C}.Release|Any CPU.ActiveCfg = Release|Any CPU
		{06F88B53-3098-43EA-8D17-ECA67649716C}.Release|Any CPU.Build.0 = Release|Any CPU
		{BB292751-88DE-422A-8D56-152105713802}.Debug|Any CPU.ActiveCfg = Debug|Any CPU
		{BB292751-88DE-422A-8D56-152105713802}.Debug|Any CPU.Build.0 = Debug|Any CPU
		{BB292751-88DE-422A-8D56-152105713802}.Release|Any CPU.ActiveCfg = Release|Any CPU
		{BB292751-88DE-422A-8D56-152105713802}.Release|Any CPU.Build.0 = Release|Any CPU
		{9538D83D-CA6C-4790-8F56-01E3E27A0C93}.Debug|Any CPU.ActiveCfg = Debug|Any CPU
		{9538D83D-CA6C-4790-8F56-01E3E27A0C93}.Debug|Any CPU.Build.0 = Debug|Any CPU
		{9538D83D-CA6C-4790-8F56-01E3E27A0C93}.Release|Any CPU.ActiveCfg = Release|Any CPU
		{9538D83D-CA6C-4790-8F56-01E3E27A0C93}.Release|Any CPU.Build.0 = Release|Any CPU
		{6A1A1509-B167-4233-BBB2-63DB8D73EF31}.Debug|Any CPU.ActiveCfg = Debug|Any CPU
		{6A1A1509-B167-4233-BBB2-63DB8D73EF31}.Debug|Any CPU.Build.0 = Debug|Any CPU
		{6A1A1509-B167-4233-BBB2-63DB8D73EF31}.Release|Any CPU.ActiveCfg = Release|Any CPU
		{6A1A1509-B167-4233-BBB2-63DB8D73EF31}.Release|Any CPU.Build.0 = Release|Any CPU
	EndGlobalSection
	GlobalSection(SolutionProperties) = preSolution
		HideSolutionNode = FALSE
	EndGlobalSection
	GlobalSection(ExtensibilityGlobals) = postSolution
		SolutionGuid = {3456A95D-6CDA-478F-9A5C-368AE1BDC69C}
	EndGlobalSection
EndGlobal
